
Microsoft Visual Studio Solution File, Format Version 12.00
# Visual Studio Version 17
VisualStudioVersion = 17.2.32616.157
MinimumVisualStudioVersion = 10.0.40219.1
Project("{888888A0-9F3D-457C-B088-3A5042F75D52}") = "RockPaperScissors", "RockPaperScissors\RockPaperScissors.pyproj", "{E86F2936-6A0A-48E6-BE56-DF0A04519617}"
EndProject
Global
	GlobalSection(SolutionConfigurationPlatforms) = preSolution
		Debug|Any CPU = Debug|Any CPU
		Release|Any CPU = Release|Any CPU
	EndGlobalSection
	GlobalSection(ProjectConfigurationPlatforms) = postSolution
		{E86F2936-6A0A-48E6-BE56-DF0A04519617}.Debug|Any CPU.ActiveCfg = Debug|Any CPU
		{E86F2936-6A0A-48E6-BE56-DF0A04519617}.Release|Any CPU.ActiveCfg = Release|Any CPU
	EndGlobalSection
	GlobalSection(SolutionProperties) = preSolution
		HideSolutionNode = FALSE
	EndGlobalSection
	GlobalSection(ExtensibilityGlobals) = postSolution
		SolutionGuid = {C1631BE6-9A1E-476A-90E9-C744F5970FB6}
	EndGlobalSection
EndGlobal
